// !$*UTF8*$!
{
	archiveVersion = 1;
	classes = {
	};
	objectVersion = 56;
	objects = {

/* Begin PBXBuildFile section */
		8387BB932C98407A008A230E /* Artist.swift in Sources */ = {isa = PBXBuildFile; fileRef = 8387BB922C98407A008A230E /* Artist.swift */; };
		8387BB972C99328D008A230E /* FeaturedPlaylistView.swift in Sources */ = {isa = PBXBuildFile; fileRef = 8387BB962C99328D008A230E /* FeaturedPlaylistView.swift */; };
		8387BB992C993D23008A230E /* FeaturedPlaylist.swift in Sources */ = {isa = PBXBuildFile; fileRef = 8387BB982C993D23008A230E /* FeaturedPlaylist.swift */; };
		8387BB9B2C993DBD008A230E /* Playlists.swift in Sources */ = {isa = PBXBuildFile; fileRef = 8387BB9A2C993DBD008A230E /* Playlists.swift */; };
		8387BB9D2C993EA6008A230E /* PlaylistsItem.swift in Sources */ = {isa = PBXBuildFile; fileRef = 8387BB9C2C993EA6008A230E /* PlaylistsItem.swift */; };
		8387BB9F2C99405C008A230E /* GetPlaylistsType.swift in Sources */ = {isa = PBXBuildFile; fileRef = 8387BB9E2C99405C008A230E /* GetPlaylistsType.swift */; };
		8387BBA12C9952FC008A230E /* Owner.swift in Sources */ = {isa = PBXBuildFile; fileRef = 8387BBA02C9952FC008A230E /* Owner.swift */; };
		8387BBA32C995381008A230E /* OwnerType.swift in Sources */ = {isa = PBXBuildFile; fileRef = 8387BBA22C995381008A230E /* OwnerType.swift */; };
		83A2F8642C93DFEE003AAD96 /* WebUIView.swift in Sources */ = {isa = PBXBuildFile; fileRef = 83A2F8632C93DFEE003AAD96 /* WebUIView.swift */; };
		83A2F8672C943470003AAD96 /* AuthResponse.swift in Sources */ = {isa = PBXBuildFile; fileRef = 83A2F8662C943470003AAD96 /* AuthResponse.swift */; };
		AE06AF272C971AA000E6331C /* AlbumViewModel.swift in Sources */ = {isa = PBXBuildFile; fileRef = AE06AF262C971AA000E6331C /* AlbumViewModel.swift */; };
		AE06AF292C97206A00E6331C /* FetchState.swift in Sources */ = {isa = PBXBuildFile; fileRef = AE06AF282C97206A00E6331C /* FetchState.swift */; };
		AE06AF2B2C97233400E6331C /* Album.swift in Sources */ = {isa = PBXBuildFile; fileRef = AE06AF2A2C97233400E6331C /* Album.swift */; };
		AE06AF2D2C9723C500E6331C /* Albums.swift in Sources */ = {isa = PBXBuildFile; fileRef = AE06AF2C2C9723C500E6331C /* Albums.swift */; };
		AE06AF2F2C9726D100E6331C /* APICaller.swift in Sources */ = {isa = PBXBuildFile; fileRef = AE06AF2E2C9726D100E6331C /* APICaller.swift */; };
		AE06AF312C972D5300E6331C /* NewReleases.swift in Sources */ = {isa = PBXBuildFile; fileRef = AE06AF302C972D5300E6331C /* NewReleases.swift */; };
		AE06AF342C973B3700E6331C /* HTTPMethod.swift in Sources */ = {isa = PBXBuildFile; fileRef = AE06AF332C973B3700E6331C /* HTTPMethod.swift */; };
		AE70C4F72C8CB4160048A3FB /* Spotify_SwiftUIApp.swift in Sources */ = {isa = PBXBuildFile; fileRef = AE70C4F62C8CB4160048A3FB /* Spotify_SwiftUIApp.swift */; };
		AE70C4F92C8CB4160048A3FB /* ContentView.swift in Sources */ = {isa = PBXBuildFile; fileRef = AE70C4F82C8CB4160048A3FB /* ContentView.swift */; };
		AE70C4FB2C8CB4170048A3FB /* Assets.xcassets in Resources */ = {isa = PBXBuildFile; fileRef = AE70C4FA2C8CB4170048A3FB /* Assets.xcassets */; };
		AE70C4FE2C8CB4170048A3FB /* Preview Assets.xcassets in Resources */ = {isa = PBXBuildFile; fileRef = AE70C4FD2C8CB4170048A3FB /* Preview Assets.xcassets */; };
		AE80FB2B2C932385002601F4 /* WelcomeView.swift in Sources */ = {isa = PBXBuildFile; fileRef = AE80FB2A2C932385002601F4 /* WelcomeView.swift */; };
		AE80FB2E2C932C86002601F4 /* AuthManager.swift in Sources */ = {isa = PBXBuildFile; fileRef = AE80FB2D2C932C86002601F4 /* AuthManager.swift */; };
		AE80FB312C933041002601F4 /* Constants.swift in Sources */ = {isa = PBXBuildFile; fileRef = AE80FB302C933041002601F4 /* Constants.swift */; };
		AE9304772C986B4D00EBC740 /* ExternalUrls.swift in Sources */ = {isa = PBXBuildFile; fileRef = AE9304762C986B4D00EBC740 /* ExternalUrls.swift */; };
		AE9304792C986C7900EBC740 /* Followers.swift in Sources */ = {isa = PBXBuildFile; fileRef = AE9304782C986C7900EBC740 /* Followers.swift */; };
		AE93047B2C986D1200EBC740 /* ImageModel.swift in Sources */ = {isa = PBXBuildFile; fileRef = AE93047A2C986D1200EBC740 /* ImageModel.swift */; };
		AE93047D2C986E6C00EBC740 /* AlbumType.swift in Sources */ = {isa = PBXBuildFile; fileRef = AE93047C2C986E6C00EBC740 /* AlbumType.swift */; };
		AE93047F2C986EF300EBC740 /* Tracks.swift in Sources */ = {isa = PBXBuildFile; fileRef = AE93047E2C986EF300EBC740 /* Tracks.swift */; };
		AE9304812C986FB500EBC740 /* Track.swift in Sources */ = {isa = PBXBuildFile; fileRef = AE9304802C986FB500EBC740 /* Track.swift */; };
		AE9304832C98716800EBC740 /* Externalids.swift in Sources */ = {isa = PBXBuildFile; fileRef = AE9304822C98716800EBC740 /* Externalids.swift */; };
		AE9304852C98722A00EBC740 /* TrackType.swift in Sources */ = {isa = PBXBuildFile; fileRef = AE9304842C98722A00EBC740 /* TrackType.swift */; };
		AE9304872C987EFA00EBC740 /* Restrictions.swift in Sources */ = {isa = PBXBuildFile; fileRef = AE9304862C987EFA00EBC740 /* Restrictions.swift */; };
		AE9304892C987F4D00EBC740 /* RestrictionReason.swift in Sources */ = {isa = PBXBuildFile; fileRef = AE9304882C987F4D00EBC740 /* RestrictionReason.swift */; };
		AE93048B2C9890EC00EBC740 /* ListPlacehoderRowView.swift in Sources */ = {isa = PBXBuildFile; fileRef = AE93048A2C9890EC00EBC740 /* ListPlacehoderRowView.swift */; };
		AEDCCD2D2C95D94D00B848BE /* NewReleasedAlbumView.swift in Sources */ = {isa = PBXBuildFile; fileRef = AEDCCD2C2C95D94D00B848BE /* NewReleasedAlbumView.swift */; };
		AEDCCD2F2C95E55F00B848BE /* Helper.swift in Sources */ = {isa = PBXBuildFile; fileRef = AEDCCD2E2C95E55F00B848BE /* Helper.swift */; };
		AEFFC4752C948F1700E35DA5 /* DateExtension.swift in Sources */ = {isa = PBXBuildFile; fileRef = AEFFC4742C948F1700E35DA5 /* DateExtension.swift */; };
		AEFFC4772C9494FD00E35DA5 /* TabBarView.swift in Sources */ = {isa = PBXBuildFile; fileRef = AEFFC4762C9494FD00E35DA5 /* TabBarView.swift */; };
		AEFFC4792C9498DE00E35DA5 /* HomeView.swift in Sources */ = {isa = PBXBuildFile; fileRef = AEFFC4782C9498DE00E35DA5 /* HomeView.swift */; };
		AEFFC47B2C9498FB00E35DA5 /* SearchView.swift in Sources */ = {isa = PBXBuildFile; fileRef = AEFFC47A2C9498FB00E35DA5 /* SearchView.swift */; };
		AEFFC47D2C94991400E35DA5 /* LibraryView.swift in Sources */ = {isa = PBXBuildFile; fileRef = AEFFC47C2C94991400E35DA5 /* LibraryView.swift */; };
/* End PBXBuildFile section */

/* Begin PBXFileReference section */
		8387BB922C98407A008A230E /* Artist.swift */ = {isa = PBXFileReference; lastKnownFileType = sourcecode.swift; path = Artist.swift; sourceTree = "<group>"; };
		8387BB962C99328D008A230E /* FeaturedPlaylistView.swift */ = {isa = PBXFileReference; lastKnownFileType = sourcecode.swift; path = FeaturedPlaylistView.swift; sourceTree = "<group>"; };
		8387BB982C993D23008A230E /* FeaturedPlaylist.swift */ = {isa = PBXFileReference; lastKnownFileType = sourcecode.swift; path = FeaturedPlaylist.swift; sourceTree = "<group>"; };
		8387BB9A2C993DBD008A230E /* Playlists.swift */ = {isa = PBXFileReference; lastKnownFileType = sourcecode.swift; path = Playlists.swift; sourceTree = "<group>"; };
		8387BB9C2C993EA6008A230E /* PlaylistsItem.swift */ = {isa = PBXFileReference; lastKnownFileType = sourcecode.swift; path = PlaylistsItem.swift; sourceTree = "<group>"; };
		8387BB9E2C99405C008A230E /* GetPlaylistsType.swift */ = {isa = PBXFileReference; lastKnownFileType = sourcecode.swift; path = GetPlaylistsType.swift; sourceTree = "<group>"; };
		8387BBA02C9952FC008A230E /* Owner.swift */ = {isa = PBXFileReference; lastKnownFileType = sourcecode.swift; path = Owner.swift; sourceTree = "<group>"; };
		8387BBA22C995381008A230E /* OwnerType.swift */ = {isa = PBXFileReference; lastKnownFileType = sourcecode.swift; path = OwnerType.swift; sourceTree = "<group>"; };
		83A2F8632C93DFEE003AAD96 /* WebUIView.swift */ = {isa = PBXFileReference; lastKnownFileType = sourcecode.swift; path = WebUIView.swift; sourceTree = "<group>"; };
		83A2F8662C943470003AAD96 /* AuthResponse.swift */ = {isa = PBXFileReference; lastKnownFileType = sourcecode.swift; path = AuthResponse.swift; sourceTree = "<group>"; };
		AE06AF262C971AA000E6331C /* AlbumViewModel.swift */ = {isa = PBXFileReference; lastKnownFileType = sourcecode.swift; path = AlbumViewModel.swift; sourceTree = "<group>"; };
		AE06AF282C97206A00E6331C /* FetchState.swift */ = {isa = PBXFileReference; lastKnownFileType = sourcecode.swift; path = FetchState.swift; sourceTree = "<group>"; };
		AE06AF2A2C97233400E6331C /* Album.swift */ = {isa = PBXFileReference; lastKnownFileType = sourcecode.swift; path = Album.swift; sourceTree = "<group>"; };
		AE06AF2C2C9723C500E6331C /* Albums.swift */ = {isa = PBXFileReference; lastKnownFileType = sourcecode.swift; path = Albums.swift; sourceTree = "<group>"; };
		AE06AF2E2C9726D100E6331C /* APICaller.swift */ = {isa = PBXFileReference; lastKnownFileType = sourcecode.swift; path = APICaller.swift; sourceTree = "<group>"; };
		AE06AF302C972D5300E6331C /* NewReleases.swift */ = {isa = PBXFileReference; lastKnownFileType = sourcecode.swift; path = NewReleases.swift; sourceTree = "<group>"; };
		AE06AF332C973B3700E6331C /* HTTPMethod.swift */ = {isa = PBXFileReference; lastKnownFileType = sourcecode.swift; path = HTTPMethod.swift; sourceTree = "<group>"; };
		AE70C4F32C8CB4160048A3FB /* Spotify_SwiftUI.app */ = {isa = PBXFileReference; explicitFileType = wrapper.application; includeInIndex = 0; path = Spotify_SwiftUI.app; sourceTree = BUILT_PRODUCTS_DIR; };
		AE70C4F62C8CB4160048A3FB /* Spotify_SwiftUIApp.swift */ = {isa = PBXFileReference; lastKnownFileType = sourcecode.swift; path = Spotify_SwiftUIApp.swift; sourceTree = "<group>"; };
		AE70C4F82C8CB4160048A3FB /* ContentView.swift */ = {isa = PBXFileReference; lastKnownFileType = sourcecode.swift; path = ContentView.swift; sourceTree = "<group>"; };
		AE70C4FA2C8CB4170048A3FB /* Assets.xcassets */ = {isa = PBXFileReference; lastKnownFileType = folder.assetcatalog; path = Assets.xcassets; sourceTree = "<group>"; };
		AE70C4FD2C8CB4170048A3FB /* Preview Assets.xcassets */ = {isa = PBXFileReference; lastKnownFileType = folder.assetcatalog; path = "Preview Assets.xcassets"; sourceTree = "<group>"; };
		AE80FB2A2C932385002601F4 /* WelcomeView.swift */ = {isa = PBXFileReference; lastKnownFileType = sourcecode.swift; path = WelcomeView.swift; sourceTree = "<group>"; };
		AE80FB2D2C932C86002601F4 /* AuthManager.swift */ = {isa = PBXFileReference; lastKnownFileType = sourcecode.swift; path = AuthManager.swift; sourceTree = "<group>"; };
		AE80FB302C933041002601F4 /* Constants.swift */ = {isa = PBXFileReference; lastKnownFileType = sourcecode.swift; path = Constants.swift; sourceTree = "<group>"; };
		AE9304762C986B4D00EBC740 /* ExternalUrls.swift */ = {isa = PBXFileReference; lastKnownFileType = sourcecode.swift; path = ExternalUrls.swift; sourceTree = "<group>"; };
		AE9304782C986C7900EBC740 /* Followers.swift */ = {isa = PBXFileReference; lastKnownFileType = sourcecode.swift; path = Followers.swift; sourceTree = "<group>"; };
		AE93047A2C986D1200EBC740 /* ImageModel.swift */ = {isa = PBXFileReference; lastKnownFileType = sourcecode.swift; path = ImageModel.swift; sourceTree = "<group>"; };
		AE93047C2C986E6C00EBC740 /* AlbumType.swift */ = {isa = PBXFileReference; lastKnownFileType = sourcecode.swift; path = AlbumType.swift; sourceTree = "<group>"; };
		AE93047E2C986EF300EBC740 /* Tracks.swift */ = {isa = PBXFileReference; lastKnownFileType = sourcecode.swift; path = Tracks.swift; sourceTree = "<group>"; };
		AE9304802C986FB500EBC740 /* Track.swift */ = {isa = PBXFileReference; lastKnownFileType = sourcecode.swift; path = Track.swift; sourceTree = "<group>"; };
		AE9304822C98716800EBC740 /* Externalids.swift */ = {isa = PBXFileReference; lastKnownFileType = sourcecode.swift; path = Externalids.swift; sourceTree = "<group>"; };
		AE9304842C98722A00EBC740 /* TrackType.swift */ = {isa = PBXFileReference; lastKnownFileType = sourcecode.swift; path = TrackType.swift; sourceTree = "<group>"; };
		AE9304862C987EFA00EBC740 /* Restrictions.swift */ = {isa = PBXFileReference; lastKnownFileType = sourcecode.swift; path = Restrictions.swift; sourceTree = "<group>"; };
		AE9304882C987F4D00EBC740 /* RestrictionReason.swift */ = {isa = PBXFileReference; lastKnownFileType = sourcecode.swift; path = RestrictionReason.swift; sourceTree = "<group>"; };
		AE93048A2C9890EC00EBC740 /* ListPlacehoderRowView.swift */ = {isa = PBXFileReference; lastKnownFileType = sourcecode.swift; path = ListPlacehoderRowView.swift; sourceTree = "<group>"; };
		AEDCCD2C2C95D94D00B848BE /* NewReleasedAlbumView.swift */ = {isa = PBXFileReference; lastKnownFileType = sourcecode.swift; path = NewReleasedAlbumView.swift; sourceTree = "<group>"; };
		AEDCCD2E2C95E55F00B848BE /* Helper.swift */ = {isa = PBXFileReference; lastKnownFileType = sourcecode.swift; path = Helper.swift; sourceTree = "<group>"; };
		AEFFC4742C948F1700E35DA5 /* DateExtension.swift */ = {isa = PBXFileReference; lastKnownFileType = sourcecode.swift; path = DateExtension.swift; sourceTree = "<group>"; };
		AEFFC4762C9494FD00E35DA5 /* TabBarView.swift */ = {isa = PBXFileReference; lastKnownFileType = sourcecode.swift; path = TabBarView.swift; sourceTree = "<group>"; };
		AEFFC4782C9498DE00E35DA5 /* HomeView.swift */ = {isa = PBXFileReference; lastKnownFileType = sourcecode.swift; path = HomeView.swift; sourceTree = "<group>"; };
		AEFFC47A2C9498FB00E35DA5 /* SearchView.swift */ = {isa = PBXFileReference; lastKnownFileType = sourcecode.swift; path = SearchView.swift; sourceTree = "<group>"; };
		AEFFC47C2C94991400E35DA5 /* LibraryView.swift */ = {isa = PBXFileReference; lastKnownFileType = sourcecode.swift; path = LibraryView.swift; sourceTree = "<group>"; };
/* End PBXFileReference section */

/* Begin PBXFrameworksBuildPhase section */
		AE70C4F02C8CB4160048A3FB /* Frameworks */ = {
			isa = PBXFrameworksBuildPhase;
			buildActionMask = 2147483647;
			files = (
			);
			runOnlyForDeploymentPostprocessing = 0;
		};
/* End PBXFrameworksBuildPhase section */

/* Begin PBXGroup section */
		83A2F8622C93DFAA003AAD96 /* Other */ = {
			isa = PBXGroup;
			children = (
				83A2F8632C93DFEE003AAD96 /* WebUIView.swift */,
				AEDCCD2C2C95D94D00B848BE /* NewReleasedAlbumView.swift */,
				AE93048A2C9890EC00EBC740 /* ListPlacehoderRowView.swift */,
				8387BB962C99328D008A230E /* FeaturedPlaylistView.swift */,
			);
			path = Other;
			sourceTree = "<group>";
		};
		83A2F8652C943455003AAD96 /* Models */ = {
			isa = PBXGroup;
			children = (
				83A2F8662C943470003AAD96 /* AuthResponse.swift */,
				AE06AF2A2C97233400E6331C /* Album.swift */,
				AE06AF2C2C9723C500E6331C /* Albums.swift */,
				AE06AF302C972D5300E6331C /* NewReleases.swift */,
				8387BB922C98407A008A230E /* Artist.swift */,
				AE9304762C986B4D00EBC740 /* ExternalUrls.swift */,
				AE9304782C986C7900EBC740 /* Followers.swift */,
				AE93047A2C986D1200EBC740 /* ImageModel.swift */,
				AE93047E2C986EF300EBC740 /* Tracks.swift */,
				AE9304802C986FB500EBC740 /* Track.swift */,
				AE9304822C98716800EBC740 /* Externalids.swift */,
				AE9304862C987EFA00EBC740 /* Restrictions.swift */,
				8387BB982C993D23008A230E /* FeaturedPlaylist.swift */,
				8387BB9A2C993DBD008A230E /* Playlists.swift */,
				8387BB9C2C993EA6008A230E /* PlaylistsItem.swift */,
				8387BBA02C9952FC008A230E /* Owner.swift */,
			);
			path = Models;
			sourceTree = "<group>";
		};
		AE06AF252C9719DE00E6331C /* ViewModels */ = {
			isa = PBXGroup;
			children = (
				AE06AF262C971AA000E6331C /* AlbumViewModel.swift */,
			);
			path = ViewModels;
			sourceTree = "<group>";
		};
		AE06AF322C973AFD00E6331C /* Enums */ = {
			isa = PBXGroup;
			children = (
				8387BB9E2C99405C008A230E /* GetPlaylistsType.swift */,
				AE9304842C98722A00EBC740 /* TrackType.swift */,
				AE06AF282C97206A00E6331C /* FetchState.swift */,
				AE06AF332C973B3700E6331C /* HTTPMethod.swift */,
				AE93047C2C986E6C00EBC740 /* AlbumType.swift */,
				AE9304882C987F4D00EBC740 /* RestrictionReason.swift */,
				8387BBA22C995381008A230E /* OwnerType.swift */,
			);
			path = Enums;
			sourceTree = "<group>";
		};
		AE70C4EA2C8CB4160048A3FB = {
			isa = PBXGroup;
			children = (
				AE70C4F52C8CB4160048A3FB /* Spotify_SwiftUI */,
				AE70C4F42C8CB4160048A3FB /* Products */,
			);
			sourceTree = "<group>";
		};
		AE70C4F42C8CB4160048A3FB /* Products */ = {
			isa = PBXGroup;
			children = (
				AE70C4F32C8CB4160048A3FB /* Spotify_SwiftUI.app */,
			);
			name = Products;
			sourceTree = "<group>";
		};
		AE70C4F52C8CB4160048A3FB /* Spotify_SwiftUI */ = {
			isa = PBXGroup;
			children = (
				AE80FB272C932312002601F4 /* App */,
				AE80FB2C2C932C47002601F4 /* Managers */,
				83A2F8652C943455003AAD96 /* Models */,
				AE70C4FC2C8CB4170048A3FB /* Preview Content */,
				AE80FB2F2C93302A002601F4 /* Resources */,
				AE06AF252C9719DE00E6331C /* ViewModels */,
				AE80FB282C932350002601F4 /* Views */,
			);
			path = Spotify_SwiftUI;
			sourceTree = "<group>";
		};
		AE70C4FC2C8CB4170048A3FB /* Preview Content */ = {
			isa = PBXGroup;
			children = (
				AE70C4FD2C8CB4170048A3FB /* Preview Assets.xcassets */,
			);
			path = "Preview Content";
			sourceTree = "<group>";
		};
		AE80FB272C932312002601F4 /* App */ = {
			isa = PBXGroup;
			children = (
				AE70C4FA2C8CB4170048A3FB /* Assets.xcassets */,
				AE70C4F82C8CB4160048A3FB /* ContentView.swift */,
				AE70C4F62C8CB4160048A3FB /* Spotify_SwiftUIApp.swift */,
			);
			path = App;
			sourceTree = "<group>";
		};
		AE80FB282C932350002601F4 /* Views */ = {
			isa = PBXGroup;
			children = (
				83A2F8622C93DFAA003AAD96 /* Other */,
				AE80FB292C932364002601F4 /* Core */,
			);
			path = Views;
			sourceTree = "<group>";
		};
		AE80FB292C932364002601F4 /* Core */ = {
			isa = PBXGroup;
			children = (
				AE80FB2A2C932385002601F4 /* WelcomeView.swift */,
				AEFFC4762C9494FD00E35DA5 /* TabBarView.swift */,
				AEFFC4782C9498DE00E35DA5 /* HomeView.swift */,
				AEFFC47A2C9498FB00E35DA5 /* SearchView.swift */,
				AEFFC47C2C94991400E35DA5 /* LibraryView.swift */,
			);
			path = Core;
			sourceTree = "<group>";
		};
		AE80FB2C2C932C47002601F4 /* Managers */ = {
			isa = PBXGroup;
			children = (
				AE06AF2E2C9726D100E6331C /* APICaller.swift */,
				AE80FB2D2C932C86002601F4 /* AuthManager.swift */,
			);
			path = Managers;
			sourceTree = "<group>";
		};
		AE80FB2F2C93302A002601F4 /* Resources */ = {
			isa = PBXGroup;
			children = (
				AE06AF322C973AFD00E6331C /* Enums */,
				AEFFC4732C948EF500E35DA5 /* Extensions */,
				AE80FB302C933041002601F4 /* Constants.swift */,
				AEDCCD2E2C95E55F00B848BE /* Helper.swift */,
			);
			path = Resources;
			sourceTree = "<group>";
		};
		AEFFC4732C948EF500E35DA5 /* Extensions */ = {
			isa = PBXGroup;
			children = (
				AEFFC4742C948F1700E35DA5 /* DateExtension.swift */,
			);
			path = Extensions;
			sourceTree = "<group>";
		};
/* End PBXGroup section */

/* Begin PBXNativeTarget section */
		AE70C4F22C8CB4160048A3FB /* Spotify_SwiftUI */ = {
			isa = PBXNativeTarget;
			buildConfigurationList = AE70C5012C8CB4170048A3FB /* Build configuration list for PBXNativeTarget "Spotify_SwiftUI" */;
			buildPhases = (
				AE70C4EF2C8CB4160048A3FB /* Sources */,
				AE70C4F02C8CB4160048A3FB /* Frameworks */,
				AE70C4F12C8CB4160048A3FB /* Resources */,
			);
			buildRules = (
			);
			dependencies = (
			);
			name = Spotify_SwiftUI;
			productName = Spotify_SwiftUI;
			productReference = AE70C4F32C8CB4160048A3FB /* Spotify_SwiftUI.app */;
			productType = "com.apple.product-type.application";
		};
/* End PBXNativeTarget section */

/* Begin PBXProject section */
		AE70C4EB2C8CB4160048A3FB /* Project object */ = {
			isa = PBXProject;
			attributes = {
				BuildIndependentTargetsInParallel = 1;
				LastSwiftUpdateCheck = 1540;
				LastUpgradeCheck = 1540;
				TargetAttributes = {
					AE70C4F22C8CB4160048A3FB = {
						CreatedOnToolsVersion = 15.4;
					};
				};
			};
			buildConfigurationList = AE70C4EE2C8CB4160048A3FB /* Build configuration list for PBXProject "Spotify_SwiftUI" */;
			compatibilityVersion = "Xcode 14.0";
			developmentRegion = en;
			hasScannedForEncodings = 0;
			knownRegions = (
				en,
				Base,
			);
			mainGroup = AE70C4EA2C8CB4160048A3FB;
			productRefGroup = AE70C4F42C8CB4160048A3FB /* Products */;
			projectDirPath = "";
			projectRoot = "";
			targets = (
				AE70C4F22C8CB4160048A3FB /* Spotify_SwiftUI */,
			);
		};
/* End PBXProject section */

/* Begin PBXResourcesBuildPhase section */
		AE70C4F12C8CB4160048A3FB /* Resources */ = {
			isa = PBXResourcesBuildPhase;
			buildActionMask = 2147483647;
			files = (
				AE70C4FE2C8CB4170048A3FB /* Preview Assets.xcassets in Resources */,
				AE70C4FB2C8CB4170048A3FB /* Assets.xcassets in Resources */,
			);
			runOnlyForDeploymentPostprocessing = 0;
		};
/* End PBXResourcesBuildPhase section */

/* Begin PBXSourcesBuildPhase section */
		AE70C4EF2C8CB4160048A3FB /* Sources */ = {
			isa = PBXSourcesBuildPhase;
			buildActionMask = 2147483647;
			files = (
				AE80FB312C933041002601F4 /* Constants.swift in Sources */,
				AEDCCD2F2C95E55F00B848BE /* Helper.swift in Sources */,
				AE06AF342C973B3700E6331C /* HTTPMethod.swift in Sources */,
				AEFFC4772C9494FD00E35DA5 /* TabBarView.swift in Sources */,
				AE06AF2B2C97233400E6331C /* Album.swift in Sources */,
				AE06AF272C971AA000E6331C /* AlbumViewModel.swift in Sources */,
				AE93047B2C986D1200EBC740 /* ImageModel.swift in Sources */,
				AEFFC4752C948F1700E35DA5 /* DateExtension.swift in Sources */,
				AE06AF312C972D5300E6331C /* NewReleases.swift in Sources */,
				AEFFC4792C9498DE00E35DA5 /* HomeView.swift in Sources */,
				AE06AF2F2C9726D100E6331C /* APICaller.swift in Sources */,
				8387BB932C98407A008A230E /* Artist.swift in Sources */,
				AE06AF292C97206A00E6331C /* FetchState.swift in Sources */,
				8387BBA12C9952FC008A230E /* Owner.swift in Sources */,
				AEFFC47D2C94991400E35DA5 /* LibraryView.swift in Sources */,
				8387BBA32C995381008A230E /* OwnerType.swift in Sources */,
				8387BB972C99328D008A230E /* FeaturedPlaylistView.swift in Sources */,
				83A2F8642C93DFEE003AAD96 /* WebUIView.swift in Sources */,
				AE70C4F92C8CB4160048A3FB /* ContentView.swift in Sources */,
				AE9304892C987F4D00EBC740 /* RestrictionReason.swift in Sources */,
				AE9304792C986C7900EBC740 /* Followers.swift in Sources */,
				8387BB992C993D23008A230E /* FeaturedPlaylist.swift in Sources */,
				8387BB9F2C99405C008A230E /* GetPlaylistsType.swift in Sources */,
				AEDCCD2D2C95D94D00B848BE /* NewReleasedAlbumView.swift in Sources */,
				AE80FB2E2C932C86002601F4 /* AuthManager.swift in Sources */,
				83A2F8672C943470003AAD96 /* AuthResponse.swift in Sources */,
				8387BB9B2C993DBD008A230E /* Playlists.swift in Sources */,
				AE9304872C987EFA00EBC740 /* Restrictions.swift in Sources */,
				AE80FB2B2C932385002601F4 /* WelcomeView.swift in Sources */,
				AE9304772C986B4D00EBC740 /* ExternalUrls.swift in Sources */,
				AE06AF2D2C9723C500E6331C /* Albums.swift in Sources */,
				AE70C4F72C8CB4160048A3FB /* Spotify_SwiftUIApp.swift in Sources */,
				AE93047F2C986EF300EBC740 /* Tracks.swift in Sources */,
				AE93047D2C986E6C00EBC740 /* AlbumType.swift in Sources */,
				8387BB9D2C993EA6008A230E /* PlaylistsItem.swift in Sources */,
				AEFFC47B2C9498FB00E35DA5 /* SearchView.swift in Sources */,
				AE9304812C986FB500EBC740 /* Track.swift in Sources */,
				AE9304832C98716800EBC740 /* Externalids.swift in Sources */,
				AE93048B2C9890EC00EBC740 /* ListPlacehoderRowView.swift in Sources */,
				AE9304852C98722A00EBC740 /* TrackType.swift in Sources */,
			);
			runOnlyForDeploymentPostprocessing = 0;
		};
/* End PBXSourcesBuildPhase section */

/* Begin XCBuildConfiguration section */
		AE70C4FF2C8CB4170048A3FB /* Debug */ = {
			isa = XCBuildConfiguration;
			buildSettings = {
				ALWAYS_SEARCH_USER_PATHS = NO;
				ASSETCATALOG_COMPILER_GENERATE_SWIFT_ASSET_SYMBOL_EXTENSIONS = YES;
				CLANG_ANALYZER_NONNULL = YES;
				CLANG_ANALYZER_NUMBER_OBJECT_CONVERSION = YES_AGGRESSIVE;
				CLANG_CXX_LANGUAGE_STANDARD = "gnu++20";
				CLANG_ENABLE_MODULES = YES;
				CLANG_ENABLE_OBJC_ARC = YES;
				CLANG_ENABLE_OBJC_WEAK = YES;
				CLANG_WARN_BLOCK_CAPTURE_AUTORELEASING = YES;
				CLANG_WARN_BOOL_CONVERSION = YES;
				CLANG_WARN_COMMA = YES;
				CLANG_WARN_CONSTANT_CONVERSION = YES;
				CLANG_WARN_DEPRECATED_OBJC_IMPLEMENTATIONS = YES;
				CLANG_WARN_DIRECT_OBJC_ISA_USAGE = YES_ERROR;
				CLANG_WARN_DOCUMENTATION_COMMENTS = YES;
				CLANG_WARN_EMPTY_BODY = YES;
				CLANG_WARN_ENUM_CONVERSION = YES;
				CLANG_WARN_INFINITE_RECURSION = YES;
				CLANG_WARN_INT_CONVERSION = YES;
				CLANG_WARN_NON_LITERAL_NULL_CONVERSION = YES;
				CLANG_WARN_OBJC_IMPLICIT_RETAIN_SELF = YES;
				CLANG_WARN_OBJC_LITERAL_CONVERSION = YES;
				CLANG_WARN_OBJC_ROOT_CLASS = YES_ERROR;
				CLANG_WARN_QUOTED_INCLUDE_IN_FRAMEWORK_HEADER = YES;
				CLANG_WARN_RANGE_LOOP_ANALYSIS = YES;
				CLANG_WARN_STRICT_PROTOTYPES = YES;
				CLANG_WARN_SUSPICIOUS_MOVE = YES;
				CLANG_WARN_UNGUARDED_AVAILABILITY = YES_AGGRESSIVE;
				CLANG_WARN_UNREACHABLE_CODE = YES;
				CLANG_WARN__DUPLICATE_METHOD_MATCH = YES;
				COPY_PHASE_STRIP = NO;
				DEBUG_INFORMATION_FORMAT = dwarf;
				ENABLE_STRICT_OBJC_MSGSEND = YES;
				ENABLE_TESTABILITY = YES;
				ENABLE_USER_SCRIPT_SANDBOXING = YES;
				GCC_C_LANGUAGE_STANDARD = gnu17;
				GCC_DYNAMIC_NO_PIC = NO;
				GCC_NO_COMMON_BLOCKS = YES;
				GCC_OPTIMIZATION_LEVEL = 0;
				GCC_PREPROCESSOR_DEFINITIONS = (
					"DEBUG=1",
					"$(inherited)",
				);
				GCC_WARN_64_TO_32_BIT_CONVERSION = YES;
				GCC_WARN_ABOUT_RETURN_TYPE = YES_ERROR;
				GCC_WARN_UNDECLARED_SELECTOR = YES;
				GCC_WARN_UNINITIALIZED_AUTOS = YES_AGGRESSIVE;
				GCC_WARN_UNUSED_FUNCTION = YES;
				GCC_WARN_UNUSED_VARIABLE = YES;
				IPHONEOS_DEPLOYMENT_TARGET = 17.5;
				LOCALIZATION_PREFERS_STRING_CATALOGS = YES;
				MTL_ENABLE_DEBUG_INFO = INCLUDE_SOURCE;
				MTL_FAST_MATH = YES;
				ONLY_ACTIVE_ARCH = YES;
				SDKROOT = iphoneos;
				SWIFT_ACTIVE_COMPILATION_CONDITIONS = "DEBUG $(inherited)";
				SWIFT_OPTIMIZATION_LEVEL = "-Onone";
			};
			name = Debug;
		};
		AE70C5002C8CB4170048A3FB /* Release */ = {
			isa = XCBuildConfiguration;
			buildSettings = {
				ALWAYS_SEARCH_USER_PATHS = NO;
				ASSETCATALOG_COMPILER_GENERATE_SWIFT_ASSET_SYMBOL_EXTENSIONS = YES;
				CLANG_ANALYZER_NONNULL = YES;
				CLANG_ANALYZER_NUMBER_OBJECT_CONVERSION = YES_AGGRESSIVE;
				CLANG_CXX_LANGUAGE_STANDARD = "gnu++20";
				CLANG_ENABLE_MODULES = YES;
				CLANG_ENABLE_OBJC_ARC = YES;
				CLANG_ENABLE_OBJC_WEAK = YES;
				CLANG_WARN_BLOCK_CAPTURE_AUTORELEASING = YES;
				CLANG_WARN_BOOL_CONVERSION = YES;
				CLANG_WARN_COMMA = YES;
				CLANG_WARN_CONSTANT_CONVERSION = YES;
				CLANG_WARN_DEPRECATED_OBJC_IMPLEMENTATIONS = YES;
				CLANG_WARN_DIRECT_OBJC_ISA_USAGE = YES_ERROR;
				CLANG_WARN_DOCUMENTATION_COMMENTS = YES;
				CLANG_WARN_EMPTY_BODY = YES;
				CLANG_WARN_ENUM_CONVERSION = YES;
				CLANG_WARN_INFINITE_RECURSION = YES;
				CLANG_WARN_INT_CONVERSION = YES;
				CLANG_WARN_NON_LITERAL_NULL_CONVERSION = YES;
				CLANG_WARN_OBJC_IMPLICIT_RETAIN_SELF = YES;
				CLANG_WARN_OBJC_LITERAL_CONVERSION = YES;
				CLANG_WARN_OBJC_ROOT_CLASS = YES_ERROR;
				CLANG_WARN_QUOTED_INCLUDE_IN_FRAMEWORK_HEADER = YES;
				CLANG_WARN_RANGE_LOOP_ANALYSIS = YES;
				CLANG_WARN_STRICT_PROTOTYPES = YES;
				CLANG_WARN_SUSPICIOUS_MOVE = YES;
				CLANG_WARN_UNGUARDED_AVAILABILITY = YES_AGGRESSIVE;
				CLANG_WARN_UNREACHABLE_CODE = YES;
				CLANG_WARN__DUPLICATE_METHOD_MATCH = YES;
				COPY_PHASE_STRIP = NO;
				DEBUG_INFORMATION_FORMAT = "dwarf-with-dsym";
				ENABLE_NS_ASSERTIONS = NO;
				ENABLE_STRICT_OBJC_MSGSEND = YES;
				ENABLE_USER_SCRIPT_SANDBOXING = YES;
				GCC_C_LANGUAGE_STANDARD = gnu17;
				GCC_NO_COMMON_BLOCKS = YES;
				GCC_WARN_64_TO_32_BIT_CONVERSION = YES;
				GCC_WARN_ABOUT_RETURN_TYPE = YES_ERROR;
				GCC_WARN_UNDECLARED_SELECTOR = YES;
				GCC_WARN_UNINITIALIZED_AUTOS = YES_AGGRESSIVE;
				GCC_WARN_UNUSED_FUNCTION = YES;
				GCC_WARN_UNUSED_VARIABLE = YES;
				IPHONEOS_DEPLOYMENT_TARGET = 17.5;
				LOCALIZATION_PREFERS_STRING_CATALOGS = YES;
				MTL_ENABLE_DEBUG_INFO = NO;
				MTL_FAST_MATH = YES;
				SDKROOT = iphoneos;
				SWIFT_COMPILATION_MODE = wholemodule;
				VALIDATE_PRODUCT = YES;
			};
			name = Release;
		};
		AE70C5022C8CB4170048A3FB /* Debug */ = {
			isa = XCBuildConfiguration;
			buildSettings = {
				ASSETCATALOG_COMPILER_APPICON_NAME = AppIcon;
				ASSETCATALOG_COMPILER_GLOBAL_ACCENT_COLOR_NAME = AccentColor;
				CODE_SIGN_STYLE = Automatic;
				CURRENT_PROJECT_VERSION = 1;
				DEVELOPMENT_ASSET_PATHS = "\"Spotify_SwiftUI/Preview Content\"";
				DEVELOPMENT_TEAM = C575D4X2BC;
				ENABLE_PREVIEWS = YES;
				GENERATE_INFOPLIST_FILE = YES;
				INFOPLIST_KEY_UIApplicationSceneManifest_Generation = YES;
				INFOPLIST_KEY_UIApplicationSupportsIndirectInputEvents = YES;
				INFOPLIST_KEY_UILaunchScreen_Generation = YES;
				INFOPLIST_KEY_UISupportedInterfaceOrientations_iPad = "UIInterfaceOrientationPortrait UIInterfaceOrientationPortraitUpsideDown UIInterfaceOrientationLandscapeLeft UIInterfaceOrientationLandscapeRight";
				INFOPLIST_KEY_UISupportedInterfaceOrientations_iPhone = "UIInterfaceOrientationPortrait UIInterfaceOrientationLandscapeLeft UIInterfaceOrientationLandscapeRight";
				LD_RUNPATH_SEARCH_PATHS = (
					"$(inherited)",
					"@executable_path/Frameworks",
				);
				MARKETING_VERSION = 1.0;
				PRODUCT_BUNDLE_IDENTIFIER = "co.dinhdung07.Spotify-SwiftUI";
				PRODUCT_NAME = "$(TARGET_NAME)";
				SWIFT_EMIT_LOC_STRINGS = YES;
				SWIFT_VERSION = 5.0;
				TARGETED_DEVICE_FAMILY = "1,2";
			};
			name = Debug;
		};
		AE70C5032C8CB4170048A3FB /* Release */ = {
			isa = XCBuildConfiguration;
			buildSettings = {
				ASSETCATALOG_COMPILER_APPICON_NAME = AppIcon;
				ASSETCATALOG_COMPILER_GLOBAL_ACCENT_COLOR_NAME = AccentColor;
				CODE_SIGN_STYLE = Automatic;
				CURRENT_PROJECT_VERSION = 1;
				DEVELOPMENT_ASSET_PATHS = "\"Spotify_SwiftUI/Preview Content\"";
				DEVELOPMENT_TEAM = C575D4X2BC;
				ENABLE_PREVIEWS = YES;
				GENERATE_INFOPLIST_FILE = YES;
				INFOPLIST_KEY_UIApplicationSceneManifest_Generation = YES;
				INFOPLIST_KEY_UIApplicationSupportsIndirectInputEvents = YES;
				INFOPLIST_KEY_UILaunchScreen_Generation = YES;
				INFOPLIST_KEY_UISupportedInterfaceOrientations_iPad = "UIInterfaceOrientationPortrait UIInterfaceOrientationPortraitUpsideDown UIInterfaceOrientationLandscapeLeft UIInterfaceOrientationLandscapeRight";
				INFOPLIST_KEY_UISupportedInterfaceOrientations_iPhone = "UIInterfaceOrientationPortrait UIInterfaceOrientationLandscapeLeft UIInterfaceOrientationLandscapeRight";
				LD_RUNPATH_SEARCH_PATHS = (
					"$(inherited)",
					"@executable_path/Frameworks",
				);
				MARKETING_VERSION = 1.0;
				PRODUCT_BUNDLE_IDENTIFIER = "co.dinhdung07.Spotify-SwiftUI";
				PRODUCT_NAME = "$(TARGET_NAME)";
				SWIFT_EMIT_LOC_STRINGS = YES;
				SWIFT_VERSION = 5.0;
				TARGETED_DEVICE_FAMILY = "1,2";
			};
			name = Release;
		};
/* End XCBuildConfiguration section */

/* Begin XCConfigurationList section */
		AE70C4EE2C8CB4160048A3FB /* Build configuration list for PBXProject "Spotify_SwiftUI" */ = {
			isa = XCConfigurationList;
			buildConfigurations = (
				AE70C4FF2C8CB4170048A3FB /* Debug */,
				AE70C5002C8CB4170048A3FB /* Release */,
			);
			defaultConfigurationIsVisible = 0;
			defaultConfigurationName = Release;
		};
		AE70C5012C8CB4170048A3FB /* Build configuration list for PBXNativeTarget "Spotify_SwiftUI" */ = {
			isa = XCConfigurationList;
			buildConfigurations = (
				AE70C5022C8CB4170048A3FB /* Debug */,
				AE70C5032C8CB4170048A3FB /* Release */,
			);
			defaultConfigurationIsVisible = 0;
			defaultConfigurationName = Release;
		};
/* End XCConfigurationList section */
	};
	rootObject = AE70C4EB2C8CB4160048A3FB /* Project object */;
}
